// !$*UTF8*$!
{
	archiveVersion = 1;
	classes = {
	};
	objectVersion = 50;
	objects = {

/* Begin PBXBuildFile section */
		2AD981A2C1ABCF5E24DAF704 /* Pods_MyToDoList.framework in Frameworks */ = {isa = PBXBuildFile; fileRef = 57F5C30024F0BE54FEB63CED /* Pods_MyToDoList.framework */; };
		D30602D221E38EFB00700A14 /* CategoryViewController.swift in Sources */ = {isa = PBXBuildFile; fileRef = D30602D121E38EFB00700A14 /* CategoryViewController.swift */; };
		D381468021DFAC43004680DC /* AppDelegate.swift in Sources */ = {isa = PBXBuildFile; fileRef = D381467F21DFAC43004680DC /* AppDelegate.swift */; };
		D381468221DFAC43004680DC /* MyToDoViewController.swift in Sources */ = {isa = PBXBuildFile; fileRef = D381468121DFAC43004680DC /* MyToDoViewController.swift */; };
		D381468521DFAC43004680DC /* Main.storyboard in Resources */ = {isa = PBXBuildFile; fileRef = D381468321DFAC43004680DC /* Main.storyboard */; };
		D381468721DFAC47004680DC /* Assets.xcassets in Resources */ = {isa = PBXBuildFile; fileRef = D381468621DFAC47004680DC /* Assets.xcassets */; };
		D381468A21DFAC47004680DC /* LaunchScreen.storyboard in Resources */ = {isa = PBXBuildFile; fileRef = D381468821DFAC47004680DC /* LaunchScreen.storyboard */; };
		D3B7F72921EA0FE700606A8C /* SwipeTableViewController.swift in Sources */ = {isa = PBXBuildFile; fileRef = D3B7F72821EA0FE700606A8C /* SwipeTableViewController.swift */; };
		D3E181B121E8FCB300B0FFF1 /* Item.swift in Sources */ = {isa = PBXBuildFile; fileRef = D3E181B021E8FCB300B0FFF1 /* Item.swift */; };
		D3E181B321E8FCE200B0FFF1 /* Category.swift in Sources */ = {isa = PBXBuildFile; fileRef = D3E181B221E8FCE200B0FFF1 /* Category.swift */; };
/* End PBXBuildFile section */

/* Begin PBXFileReference section */
		257B20976FEDB49C92E687AC /* Pods-MyToDoList.debug.xcconfig */ = {isa = PBXFileReference; includeInIndex = 1; lastKnownFileType = text.xcconfig; name = "Pods-MyToDoList.debug.xcconfig"; path = "Pods/Target Support Files/Pods-MyToDoList/Pods-MyToDoList.debug.xcconfig"; sourceTree = "<group>"; };
		57F5C30024F0BE54FEB63CED /* Pods_MyToDoList.framework */ = {isa = PBXFileReference; explicitFileType = wrapper.framework; includeInIndex = 0; path = Pods_MyToDoList.framework; sourceTree = BUILT_PRODUCTS_DIR; };
		D30602D121E38EFB00700A14 /* CategoryViewController.swift */ = {isa = PBXFileReference; lastKnownFileType = sourcecode.swift; path = CategoryViewController.swift; sourceTree = "<group>"; };
		D381467C21DFAC43004680DC /* MyToDoList.app */ = {isa = PBXFileReference; explicitFileType = wrapper.application; includeInIndex = 0; path = MyToDoList.app; sourceTree = BUILT_PRODUCTS_DIR; };
		D381467F21DFAC43004680DC /* AppDelegate.swift */ = {isa = PBXFileReference; lastKnownFileType = sourcecode.swift; path = AppDelegate.swift; sourceTree = "<group>"; };
		D381468121DFAC43004680DC /* MyToDoViewController.swift */ = {isa = PBXFileReference; lastKnownFileType = sourcecode.swift; path = MyToDoViewController.swift; sourceTree = "<group>"; };
		D381468421DFAC43004680DC /* Base */ = {isa = PBXFileReference; lastKnownFileType = file.storyboard; name = Base; path = Base.lproj/Main.storyboard; sourceTree = "<group>"; };
		D381468621DFAC47004680DC /* Assets.xcassets */ = {isa = PBXFileReference; lastKnownFileType = folder.assetcatalog; path = Assets.xcassets; sourceTree = "<group>"; };
		D381468921DFAC47004680DC /* Base */ = {isa = PBXFileReference; lastKnownFileType = file.storyboard; name = Base; path = Base.lproj/LaunchScreen.storyboard; sourceTree = "<group>"; };
		D381468B21DFAC47004680DC /* Info.plist */ = {isa = PBXFileReference; lastKnownFileType = text.plist.xml; path = Info.plist; sourceTree = "<group>"; };
		D3B7F72821EA0FE700606A8C /* SwipeTableViewController.swift */ = {isa = PBXFileReference; lastKnownFileType = sourcecode.swift; path = SwipeTableViewController.swift; sourceTree = "<group>"; };
		D3E181B021E8FCB300B0FFF1 /* Item.swift */ = {isa = PBXFileReference; lastKnownFileType = sourcecode.swift; path = Item.swift; sourceTree = "<group>"; };
		D3E181B221E8FCE200B0FFF1 /* Category.swift */ = {isa = PBXFileReference; lastKnownFileType = sourcecode.swift; path = Category.swift; sourceTree = "<group>"; };
		E9837B26F95C039C4DDC1D16 /* Pods-MyToDoList.release.xcconfig */ = {isa = PBXFileReference; includeInIndex = 1; lastKnownFileType = text.xcconfig; name = "Pods-MyToDoList.release.xcconfig"; path = "Pods/Target Support Files/Pods-MyToDoList/Pods-MyToDoList.release.xcconfig"; sourceTree = "<group>"; };
/* End PBXFileReference section */

/* Begin PBXFrameworksBuildPhase section */
		D381467921DFAC43004680DC /* Frameworks */ = {
			isa = PBXFrameworksBuildPhase;
			buildActionMask = 2147483647;
			files = (
				2AD981A2C1ABCF5E24DAF704 /* Pods_MyToDoList.framework in Frameworks */,
			);
			runOnlyForDeploymentPostprocessing = 0;
		};
/* End PBXFrameworksBuildPhase section */

/* Begin PBXGroup section */
		5F302816D6BABFAB73D9D02E /* Pods */ = {
			isa = PBXGroup;
			children = (
				257B20976FEDB49C92E687AC /* Pods-MyToDoList.debug.xcconfig */,
				E9837B26F95C039C4DDC1D16 /* Pods-MyToDoList.release.xcconfig */,
			);
			name = Pods;
			sourceTree = "<group>";
		};
		D1A6F2970459F7AAAB2E5A9F /* Frameworks */ = {
			isa = PBXGroup;
			children = (
				57F5C30024F0BE54FEB63CED /* Pods_MyToDoList.framework */,
			);
			name = Frameworks;
			sourceTree = "<group>";
		};
		D30602A221E2394D00700A14 /* Data Model */ = {
			isa = PBXGroup;
			children = (
				D3E181B021E8FCB300B0FFF1 /* Item.swift */,
				D3E181B221E8FCE200B0FFF1 /* Category.swift */,
			);
			path = "Data Model";
			sourceTree = "<group>";
		};
		D30602A521E23FC700700A14 /* Controllers */ = {
			isa = PBXGroup;
			children = (
				D30602D121E38EFB00700A14 /* CategoryViewController.swift */,
				D381468121DFAC43004680DC /* MyToDoViewController.swift */,
				D3B7F72821EA0FE700606A8C /* SwipeTableViewController.swift */,
			);
			path = Controllers;
			sourceTree = "<group>";
		};
		D30602A621E23FE400700A14 /* Viewers */ = {
			isa = PBXGroup;
			children = (
				D381468321DFAC43004680DC /* Main.storyboard */,
			);
			path = Viewers;
			sourceTree = "<group>";
		};
		D30602A721E2402B00700A14 /* Supporting Files */ = {
			isa = PBXGroup;
			children = (
				D381468621DFAC47004680DC /* Assets.xcassets */,
				D381468821DFAC47004680DC /* LaunchScreen.storyboard */,
			);
			path = "Supporting Files";
			sourceTree = "<group>";
		};
		D381467321DFAC43004680DC = {
			isa = PBXGroup;
			children = (
				D381467E21DFAC43004680DC /* MyToDoList */,
				D381467D21DFAC43004680DC /* Products */,
				5F302816D6BABFAB73D9D02E /* Pods */,
				D1A6F2970459F7AAAB2E5A9F /* Frameworks */,
			);
			sourceTree = "<group>";
		};
		D381467D21DFAC43004680DC /* Products */ = {
			isa = PBXGroup;
			children = (
				D381467C21DFAC43004680DC /* MyToDoList.app */,
			);
			name = Products;
			sourceTree = "<group>";
		};
		D381467E21DFAC43004680DC /* MyToDoList */ = {
			isa = PBXGroup;
			children = (
				D381467F21DFAC43004680DC /* AppDelegate.swift */,
				D30602A221E2394D00700A14 /* Data Model */,
				D30602A521E23FC700700A14 /* Controllers */,
				D30602A621E23FE400700A14 /* Viewers */,
				D30602A721E2402B00700A14 /* Supporting Files */,
				D381468B21DFAC47004680DC /* Info.plist */,
			);
			path = MyToDoList;
			sourceTree = "<group>";
		};
/* End PBXGroup section */

/* Begin PBXNativeTarget section */
		D381467B21DFAC43004680DC /* MyToDoList */ = {
			isa = PBXNativeTarget;
			buildConfigurationList = D381468E21DFAC47004680DC /* Build configuration list for PBXNativeTarget "MyToDoList" */;
			buildPhases = (
				04C97FBB0441A7AD8FF9EF34 /* [CP] Check Pods Manifest.lock */,
				D381467821DFAC43004680DC /* Sources */,
				D381467921DFAC43004680DC /* Frameworks */,
				D381467A21DFAC43004680DC /* Resources */,
				E397D22BAC070433D04B5E92 /* [CP] Embed Pods Frameworks */,
			);
			buildRules = (
			);
			dependencies = (
			);
			name = MyToDoList;
			productName = MyToDoList;
			productReference = D381467C21DFAC43004680DC /* MyToDoList.app */;
			productType = "com.apple.product-type.application";
		};
/* End PBXNativeTarget section */

/* Begin PBXProject section */
		D381467421DFAC43004680DC /* Project object */ = {
			isa = PBXProject;
			attributes = {
				LastSwiftUpdateCheck = 1010;
				LastUpgradeCheck = 1010;
				ORGANIZATIONNAME = "Rosa Mejia";
				TargetAttributes = {
					D381467B21DFAC43004680DC = {
						CreatedOnToolsVersion = 10.1;
					};
				};
			};
			buildConfigurationList = D381467721DFAC43004680DC /* Build configuration list for PBXProject "MyToDoList" */;
			compatibilityVersion = "Xcode 9.3";
			developmentRegion = en;
			hasScannedForEncodings = 0;
			knownRegions = (
				en,
				Base,
			);
			mainGroup = D381467321DFAC43004680DC;
			productRefGroup = D381467D21DFAC43004680DC /* Products */;
			projectDirPath = "";
			projectRoot = "";
			targets = (
				D381467B21DFAC43004680DC /* MyToDoList */,
			);
		};
/* End PBXProject section */

/* Begin PBXResourcesBuildPhase section */
		D381467A21DFAC43004680DC /* Resources */ = {
			isa = PBXResourcesBuildPhase;
			buildActionMask = 2147483647;
			files = (
				D381468A21DFAC47004680DC /* LaunchScreen.storyboard in Resources */,
				D381468721DFAC47004680DC /* Assets.xcassets in Resources */,
				D381468521DFAC43004680DC /* Main.storyboard in Resources */,
			);
			runOnlyForDeploymentPostprocessing = 0;
		};
/* End PBXResourcesBuildPhase section */

/* Begin PBXShellScriptBuildPhase section */
		04C97FBB0441A7AD8FF9EF34 /* [CP] Check Pods Manifest.lock */ = {
			isa = PBXShellScriptBuildPhase;
			buildActionMask = 2147483647;
			files = (
			);
			inputFileListPaths = (
			);
			inputPaths = (
				"${PODS_PODFILE_DIR_PATH}/Podfile.lock",
				"${PODS_ROOT}/Manifest.lock",
			);
			name = "[CP] Check Pods Manifest.lock";
			outputFileListPaths = (
			);
			outputPaths = (
				"$(DERIVED_FILE_DIR)/Pods-MyToDoList-checkManifestLockResult.txt",
			);
			runOnlyForDeploymentPostprocessing = 0;
			shellPath = /bin/sh;
			shellScript = "diff \"${PODS_PODFILE_DIR_PATH}/Podfile.lock\" \"${PODS_ROOT}/Manifest.lock\" > /dev/null\nif [ $? != 0 ] ; then\n    # print error to STDERR\n    echo \"error: The sandbox is not in sync with the Podfile.lock. Run 'pod install' or update your CocoaPods installation.\" >&2\n    exit 1\nfi\n# This output is used by Xcode 'outputs' to avoid re-running this script phase.\necho \"SUCCESS\" > \"${SCRIPT_OUTPUT_FILE_0}\"\n";
			showEnvVarsInLog = 0;
		};
		E397D22BAC070433D04B5E92 /* [CP] Embed Pods Frameworks */ = {
			isa = PBXShellScriptBuildPhase;
			buildActionMask = 2147483647;
			files = (
			);
			inputFileListPaths = (
			);
			inputPaths = (
				"${SRCROOT}/Pods/Target Support Files/Pods-MyToDoList/Pods-MyToDoList-frameworks.sh",
				"${BUILT_PRODUCTS_DIR}/ChameleonFramework/ChameleonFramework.framework",
				"${BUILT_PRODUCTS_DIR}/Realm/Realm.framework",
				"${BUILT_PRODUCTS_DIR}/RealmSwift/RealmSwift.framework",
				"${BUILT_PRODUCTS_DIR}/SwipeCellKit/SwipeCellKit.framework",
			);
			name = "[CP] Embed Pods Frameworks";
			outputFileListPaths = (
			);
			outputPaths = (
				"${TARGET_BUILD_DIR}/${FRAMEWORKS_FOLDER_PATH}/ChameleonFramework.framework",
				"${TARGET_BUILD_DIR}/${FRAMEWORKS_FOLDER_PATH}/Realm.framework",
				"${TARGET_BUILD_DIR}/${FRAMEWORKS_FOLDER_PATH}/RealmSwift.framework",
				"${TARGET_BUILD_DIR}/${FRAMEWORKS_FOLDER_PATH}/SwipeCellKit.framework",
			);
			runOnlyForDeploymentPostprocessing = 0;
			shellPath = /bin/sh;
			shellScript = "\"${SRCROOT}/Pods/Target Support Files/Pods-MyToDoList/Pods-MyToDoList-frameworks.sh\"\n";
			showEnvVarsInLog = 0;
		};
/* End PBXShellScriptBuildPhase section */

/* Begin PBXSourcesBuildPhase section */
		D381467821DFAC43004680DC /* Sources */ = {
			isa = PBXSourcesBuildPhase;
			buildActionMask = 2147483647;
			files = (
				D3E181B121E8FCB300B0FFF1 /* Item.swift in Sources */,
				D30602D221E38EFB00700A14 /* CategoryViewController.swift in Sources */,
				D381468221DFAC43004680DC /* MyToDoViewController.swift in Sources */,
				D381468021DFAC43004680DC /* AppDelegate.swift in Sources */,
				D3B7F72921EA0FE700606A8C /* SwipeTableViewController.swift in Sources */,
				D3E181B321E8FCE200B0FFF1 /* Category.swift in Sources */,
			);
			runOnlyForDeploymentPostprocessing = 0;
		};
/* End PBXSourcesBuildPhase section */

/* Begin PBXVariantGroup section */
		D381468321DFAC43004680DC /* Main.storyboard */ = {
			isa = PBXVariantGroup;
			children = (
				D381468421DFAC43004680DC /* Base */,
			);
			name = Main.storyboard;
			sourceTree = "<group>";
		};
		D381468821DFAC47004680DC /* LaunchScreen.storyboard */ = {
			isa = PBXVariantGroup;
			children = (
				D381468921DFAC47004680DC /* Base */,
			);
			name = LaunchScreen.storyboard;
			sourceTree = "<group>";
		};
/* End PBXVariantGroup section */

/* Begin XCBuildConfiguration section */
		D381468C21DFAC47004680DC /* Debug */ = {
			isa = XCBuildConfiguration;
			buildSettings = {
				ALWAYS_SEARCH_USER_PATHS = NO;
				CLANG_ANALYZER_NONNULL = YES;
				CLANG_ANALYZER_NUMBER_OBJECT_CONVERSION = YES_AGGRESSIVE;
				CLANG_CXX_LANGUAGE_STANDARD = "gnu++14";
				CLANG_CXX_LIBRARY = "libc++";
				CLANG_ENABLE_MODULES = YES;
				CLANG_ENABLE_OBJC_ARC = YES;
				CLANG_ENABLE_OBJC_WEAK = YES;
				CLANG_WARN_BLOCK_CAPTURE_AUTORELEASING = YES;
				CLANG_WARN_BOOL_CONVERSION = YES;
				CLANG_WARN_COMMA = YES;
				CLANG_WARN_CONSTANT_CONVERSION = YES;
				CLANG_WARN_DEPRECATED_OBJC_IMPLEMENTATIONS = YES;
				CLANG_WARN_DIRECT_OBJC_ISA_USAGE = YES_ERROR;
				CLANG_WARN_DOCUMENTATION_COMMENTS = YES;
				CLANG_WARN_EMPTY_BODY = YES;
				CLANG_WARN_ENUM_CONVERSION = YES;
				CLANG_WARN_INFINITE_RECURSION = YES;
				CLANG_WARN_INT_CONVERSION = YES;
				CLANG_WARN_NON_LITERAL_NULL_CONVERSION = YES;
				CLANG_WARN_OBJC_IMPLICIT_RETAIN_SELF = YES;
				CLANG_WARN_OBJC_LITERAL_CONVERSION = YES;
				CLANG_WARN_OBJC_ROOT_CLASS = YES_ERROR;
				CLANG_WARN_RANGE_LOOP_ANALYSIS = YES;
				CLANG_WARN_STRICT_PROTOTYPES = YES;
				CLANG_WARN_SUSPICIOUS_MOVE = YES;
				CLANG_WARN_UNGUARDED_AVAILABILITY = YES_AGGRESSIVE;
				CLANG_WARN_UNREACHABLE_CODE = YES;
				CLANG_WARN__DUPLICATE_METHOD_MATCH = YES;
				CODE_SIGN_IDENTITY = "iPhone Developer";
				COPY_PHASE_STRIP = NO;
				DEBUG_INFORMATION_FORMAT = dwarf;
				ENABLE_STRICT_OBJC_MSGSEND = YES;
				ENABLE_TESTABILITY = YES;
				GCC_C_LANGUAGE_STANDARD = gnu11;
				GCC_DYNAMIC_NO_PIC = NO;
				GCC_NO_COMMON_BLOCKS = YES;
				GCC_OPTIMIZATION_LEVEL = 0;
				GCC_PREPROCESSOR_DEFINITIONS = (
					"DEBUG=1",
					"$(inherited)",
				);
				GCC_WARN_64_TO_32_BIT_CONVERSION = YES;
				GCC_WARN_ABOUT_RETURN_TYPE = YES_ERROR;
				GCC_WARN_UNDECLARED_SELECTOR = YES;
				GCC_WARN_UNINITIALIZED_AUTOS = YES_AGGRESSIVE;
				GCC_WARN_UNUSED_FUNCTION = YES;
				GCC_WARN_UNUSED_VARIABLE = YES;
				IPHONEOS_DEPLOYMENT_TARGET = 12.1;
				MTL_ENABLE_DEBUG_INFO = INCLUDE_SOURCE;
				MTL_FAST_MATH = YES;
				ONLY_ACTIVE_ARCH = YES;
				SDKROOT = iphoneos;
				SWIFT_ACTIVE_COMPILATION_CONDITIONS = DEBUG;
				SWIFT_OPTIMIZATION_LEVEL = "-Onone";
			};
			name = Debug;
		};
		D381468D21DFAC47004680DC /* Release */ = {
			isa = XCBuildConfiguration;
			buildSettings = {
				ALWAYS_SEARCH_USER_PATHS = NO;
				CLANG_ANALYZER_NONNULL = YES;
				CLANG_ANALYZER_NUMBER_OBJECT_CONVERSION = YES_AGGRESSIVE;
				CLANG_CXX_LANGUAGE_STANDARD = "gnu++14";
				CLANG_CXX_LIBRARY = "libc++";
				CLANG_ENABLE_MODULES = YES;
				CLANG_ENABLE_OBJC_ARC = YES;
				CLANG_ENABLE_OBJC_WEAK = YES;
				CLANG_WARN_BLOCK_CAPTURE_AUTORELEASING = YES;
				CLANG_WARN_BOOL_CONVERSION = YES;
				CLANG_WARN_COMMA = YES;
				CLANG_WARN_CONSTANT_CONVERSION = YES;
				CLANG_WARN_DEPRECATED_OBJC_IMPLEMENTATIONS = YES;
				CLANG_WARN_DIRECT_OBJC_ISA_USAGE = YES_ERROR;
				CLANG_WARN_DOCUMENTATION_COMMENTS = YES;
				CLANG_WARN_EMPTY_BODY = YES;
				CLANG_WARN_ENUM_CONVERSION = YES;
				CLANG_WARN_INFINITE_RECURSION = YES;
				CLANG_WARN_INT_CONVERSION = YES;
				CLANG_WARN_NON_LITERAL_NULL_CONVERSION = YES;
				CLANG_WARN_OBJC_IMPLICIT_RETAIN_SELF = YES;
				CLANG_WARN_OBJC_LITERAL_CONVERSION = YES;
				CLANG_WARN_OBJC_ROOT_CLASS = YES_ERROR;
				CLANG_WARN_RANGE_LOOP_ANALYSIS = YES;
				CLANG_WARN_STRICT_PROTOTYPES = YES;
				CLANG_WARN_SUSPICIOUS_MOVE = YES;
				CLANG_WARN_UNGUARDED_AVAILABILITY = YES_AGGRESSIVE;
				CLANG_WARN_UNREACHABLE_CODE = YES;
				CLANG_WARN__DUPLICATE_METHOD_MATCH = YES;
				CODE_SIGN_IDENTITY = "iPhone Developer";
				COPY_PHASE_STRIP = NO;
				DEBUG_INFORMATION_FORMAT = "dwarf-with-dsym";
				ENABLE_NS_ASSERTIONS = NO;
				ENABLE_STRICT_OBJC_MSGSEND = YES;
				GCC_C_LANGUAGE_STANDARD = gnu11;
				GCC_NO_COMMON_BLOCKS = YES;
				GCC_WARN_64_TO_32_BIT_CONVERSION = YES;
				GCC_WARN_ABOUT_RETURN_TYPE = YES_ERROR;
				GCC_WARN_UNDECLARED_SELECTOR = YES;
				GCC_WARN_UNINITIALIZED_AUTOS = YES_AGGRESSIVE;
				GCC_WARN_UNUSED_FUNCTION = YES;
				GCC_WARN_UNUSED_VARIABLE = YES;
				IPHONEOS_DEPLOYMENT_TARGET = 12.1;
				MTL_ENABLE_DEBUG_INFO = NO;
				MTL_FAST_MATH = YES;
				SDKROOT = iphoneos;
				SWIFT_COMPILATION_MODE = wholemodule;
				SWIFT_OPTIMIZATION_LEVEL = "-O";
				VALIDATE_PRODUCT = YES;
			};
			name = Release;
		};
		D381468F21DFAC47004680DC /* Debug */ = {
			isa = XCBuildConfiguration;
			baseConfigurationReference = 257B20976FEDB49C92E687AC /* Pods-MyToDoList.debug.xcconfig */;
			buildSettings = {
				ASSETCATALOG_COMPILER_APPICON_NAME = AppIcon;
				CODE_SIGN_STYLE = Automatic;
				DEVELOPMENT_TEAM = 2H6VBH53G2;
				INFOPLIST_FILE = MyToDoList/Info.plist;
				LD_RUNPATH_SEARCH_PATHS = (
					"$(inherited)",
					"@executable_path/Frameworks",
				);
				PRODUCT_BUNDLE_IDENTIFIER = com.pacificonet.MyToDoList;
				PRODUCT_NAME = "$(TARGET_NAME)";
				SWIFT_VERSION = 4.2;
				TARGETED_DEVICE_FAMILY = "1,2";
			};
			name = Debug;
		};
		D381469021DFAC47004680DC /* Release */ = {
			isa = XCBuildConfiguration;
			baseConfigurationReference = E9837B26F95C039C4DDC1D16 /* Pods-MyToDoList.release.xcconfig */;
			buildSettings = {
				ASSETCATALOG_COMPILER_APPICON_NAME = AppIcon;
				CODE_SIGN_STYLE = Automatic;
				DEVELOPMENT_TEAM = 2H6VBH53G2;
				INFOPLIST_FILE = MyToDoList/Info.plist;
				LD_RUNPATH_SEARCH_PATHS = (
					"$(inherited)",
					"@executable_path/Frameworks",
				);
				PRODUCT_BUNDLE_IDENTIFIER = com.pacificonet.MyToDoList;
				PRODUCT_NAME = "$(TARGET_NAME)";
				SWIFT_VERSION = 4.2;
				TARGETED_DEVICE_FAMILY = "1,2";
			};
			name = Release;
		};
/* End XCBuildConfiguration section */

/* Begin XCConfigurationList section */
		D381467721DFAC43004680DC /* Build configuration list for PBXProject "MyToDoList" */ = {
			isa = XCConfigurationList;
			buildConfigurations = (
				D381468C21DFAC47004680DC /* Debug */,
				D381468D21DFAC47004680DC /* Release */,
			);
			defaultConfigurationIsVisible = 0;
			defaultConfigurationName = Release;
		};
		D381468E21DFAC47004680DC /* Build configuration list for PBXNativeTarget "MyToDoList" */ = {
			isa = XCConfigurationList;
			buildConfigurations = (
				D381468F21DFAC47004680DC /* Debug */,
				D381469021DFAC47004680DC /* Release */,
			);
			defaultConfigurationIsVisible = 0;
			defaultConfigurationName = Release;
		};
/* End XCConfigurationList section */
	};
	rootObject = D381467421DFAC43004680DC /* Project object */;
}
